
Microsoft Visual Studio Solution File, Format Version 12.00
# Visual Studio Version 16
VisualStudioVersion = 16.0.30114.105
MinimumVisualStudioVersion = 10.0.40219.1
Project("{FAE04EC0-301F-11D3-BF4B-00C04F79EFBC}") = "MqttClient.Blazor", "MqttClient.Blazor\MqttClient.Blazor.csproj", "{B15C0DD8-84BA-4CDF-9E3C-62620798E6ED}"
EndProject
Global
	GlobalSection(SolutionConfigurationPlatforms) = preSolution
		Debug|Any CPU = Debug|Any CPU
		Release|Any CPU = Release|Any CPU
	EndGlobalSection
	GlobalSection(ProjectConfigurationPlatforms) = postSolution
		{B15C0DD8-84BA-4CDF-9E3C-62620798E6ED}.Debug|Any CPU.ActiveCfg = Debug|Any CPU
		{B15C0DD8-84BA-4CDF-9E3C-62620798E6ED}.Debug|Any CPU.Build.0 = Debug|Any CPU
		{B15C0DD8-84BA-4CDF-9E3C-62620798E6ED}.Release|Any CPU.ActiveCfg = Release|Any CPU
		{B15C0DD8-84BA-4CDF-9E3C-62620798E6ED}.Release|Any CPU.Build.0 = Release|Any CPU
	EndGlobalSection
	GlobalSection(SolutionProperties) = preSolution
		HideSolutionNode = FALSE
	EndGlobalSection
	GlobalSection(ExtensibilityGlobals) = postSolution
		SolutionGuid = {3341B90A-0101-4706-BDBA-1F6E50ED3E7F}
	EndGlobalSection
EndGlobal
